
Microsoft Visual Studio Solution File, Format Version 10.00
# Visual C++ Express 2008
Project("{8BC9CEB8-8B4A-11D0-8D11-00A0C91BC942}") = "win32", "win32.vcproj", "{BB3CF2AC-EBBA-45E7-A403-6E1A96C13D37}"
EndProject
Project("{8BC9CEB8-8B4A-11D0-8D11-00A0C91BC942}") = "Android", "C:\Users\tan.ngovananh\Documents\Visual Studio 2008\Projects\base\Android\Android.vcproj", "{45679061-00AE-4DF4-A74B-1BBD9A216394}"
EndProject
Global
	GlobalSection(SolutionConfigurationPlatforms) = preSolution
		Debug|Win32 = Debug|Win32
		Release|Win32 = Release|Win32
	EndGlobalSection
	GlobalSection(ProjectConfigurationPlatforms) = postSolution
		{BB3CF2AC-EBBA-45E7-A403-6E1A96C13D37}.Debug|Win32.ActiveCfg = Debug|Win32
		{BB3CF2AC-EBBA-45E7-A403-6E1A96C13D37}.Debug|Win32.Build.0 = Debug|Win32
		{BB3CF2AC-EBBA-45E7-A403-6E1A96C13D37}.Release|Win32.ActiveCfg = Release|Win32
		{BB3CF2AC-EBBA-45E7-A403-6E1A96C13D37}.Release|Win32.Build.0 = Release|Win32
		{45679061-00AE-4DF4-A74B-1BBD9A216394}.Debug|Win32.ActiveCfg = Debug|Win32
		{45679061-00AE-4DF4-A74B-1BBD9A216394}.Release|Win32.ActiveCfg = Release|Win32
		{45679061-00AE-4DF4-A74B-1BBD9A216394}.Release|Win32.Build.0 = Release|Win32
	EndGlobalSection
	GlobalSection(SolutionProperties) = preSolution
		HideSolutionNode = FALSE
	EndGlobalSection
EndGlobal
