
Microsoft Visual Studio Solution File, Format Version 11.00
# Visual C++ Express 2010
Project("{8BC9CEB8-8B4A-11D0-8D11-00A0C91BC942}") = "Win32", "Win32\Win32.vcxproj", "{6EAF7878-9FA9-4FDC-A954-7D26A3472FEF}"
EndProject
Project("{8BC9CEB8-8B4A-11D0-8D11-00A0C91BC942}") = "jsoncpp", "..\Lib\jsoncpp\prj\jsoncpp\jsoncpp\jsoncpp.vcxproj", "{B0B59894-EA0A-4312-B09C-D16CEF182101}"
EndProject
Global
	GlobalSection(SolutionConfigurationPlatforms) = preSolution
		Debug|Win32 = Debug|Win32
		Release|Win32 = Release|Win32
	EndGlobalSection
	GlobalSection(ProjectConfigurationPlatforms) = postSolution
		{6EAF7878-9FA9-4FDC-A954-7D26A3472FEF}.Debug|Win32.ActiveCfg = Debug|Win32
		{6EAF7878-9FA9-4FDC-A954-7D26A3472FEF}.Debug|Win32.Build.0 = Debug|Win32
		{6EAF7878-9FA9-4FDC-A954-7D26A3472FEF}.Release|Win32.ActiveCfg = Release|Win32
		{6EAF7878-9FA9-4FDC-A954-7D26A3472FEF}.Release|Win32.Build.0 = Release|Win32
		{B0B59894-EA0A-4312-B09C-D16CEF182101}.Debug|Win32.ActiveCfg = Debug|Win32
		{B0B59894-EA0A-4312-B09C-D16CEF182101}.Debug|Win32.Build.0 = Debug|Win32
		{B0B59894-EA0A-4312-B09C-D16CEF182101}.Release|Win32.ActiveCfg = Release|Win32
		{B0B59894-EA0A-4312-B09C-D16CEF182101}.Release|Win32.Build.0 = Release|Win32
	EndGlobalSection
	GlobalSection(SolutionProperties) = preSolution
		HideSolutionNode = FALSE
	EndGlobalSection
EndGlobal
